
Microsoft Visual Studio Solution File, Format Version 12.00
# Visual Studio 15
VisualStudioVersion = 15.0.28307.902
MinimumVisualStudioVersion = 10.0.40219.1
Project("{FAE04EC0-301F-11D3-BF4B-00C04F79EFBC}") = "AgendaContatos", "AgendaContatos\AgendaContatos.csproj", "{5EA9A45A-E54C-4197-BDE2-AAFF5E44F580}"
EndProject
Global
	GlobalSection(SolutionConfigurationPlatforms) = preSolution
		Debug|Any CPU = Debug|Any CPU
		Release|Any CPU = Release|Any CPU
	EndGlobalSection
	GlobalSection(ProjectConfigurationPlatforms) = postSolution
		{5EA9A45A-E54C-4197-BDE2-AAFF5E44F580}.Debug|Any CPU.ActiveCfg = Debug|Any CPU
		{5EA9A45A-E54C-4197-BDE2-AAFF5E44F580}.Debug|Any CPU.Build.0 = Debug|Any CPU
		{5EA9A45A-E54C-4197-BDE2-AAFF5E44F580}.Release|Any CPU.ActiveCfg = Release|Any CPU
		{5EA9A45A-E54C-4197-BDE2-AAFF5E44F580}.Release|Any CPU.Build.0 = Release|Any CPU
	EndGlobalSection
	GlobalSection(SolutionProperties) = preSolution
		HideSolutionNode = FALSE
	EndGlobalSection
	GlobalSection(ExtensibilityGlobals) = postSolution
		SolutionGuid = {C4CFA50B-7A85-4A0A-8905-57835DD97575}
	EndGlobalSection
EndGlobal
